{
  "name": "@data2evidence/fhir",
  "version": "0.0.99",
  "lockfileVersion": 3,
  "requires": true,
  "packages": {
    "": {
      "name": "@data2evidence/fhir",
      "version": "0.0.99",
      "license": "Apache-2.0",
      "devDependencies": {
        "@trex/cli": "latest"
      }
    },
    "node_modules/@trex/as": {
      "version": "0.5.0-1766821960-7105ea6ef3ff348ce511ef08bd341532525cf511",
      "resolved": "https://pkgs.dev.azure.com/data2evidence/d2e/_packaging/d2e/npm/registry/@trex/as/-/as-0.5.0-1766821960-7105ea6ef3ff348ce511ef08bd341532525cf511.tgz",
      "integrity": "sha1-N3de4zpkavsVFOx6zi46Nx3gOXQ=",
      "dev": true,
      "license": "Apache-2.0"
    },
    "node_modules/@trex/circe": {
      "version": "0.0.1-1766832844-5c89181d9fe743fdd86af85528fe311e27e272a0",
      "resolved": "https://pkgs.dev.azure.com/data2evidence/d2e/_packaging/d2e/npm/registry/@trex/circe/-/circe-0.0.1-1766832844-5c89181d9fe743fdd86af85528fe311e27e272a0.tgz",
      "integrity": "sha1-2xGi4rt8oFGnSZpBpRRrdygLlXc=",
      "dev": true,
      "license": "Apache-2.0"
    },
    "node_modules/@trex/cli": {
      "version": "0.5.0-1766832844-5c89181d9fe743fdd86af85528fe311e27e272a0",
      "resolved": "https://pkgs.dev.azure.com/data2evidence/d2e/_packaging/d2e/npm/registry/@trex/cli/-/cli-0.5.0-1766832844-5c89181d9fe743fdd86af85528fe311e27e272a0.tgz",
      "integrity": "sha1-KmyccDo1eBn1LuHzCTmd0n/cGY0=",
      "dev": true,
      "hasInstallScript": true,
      "license": "MIT",
      "dependencies": {
        "@trex/as": "latest",
        "@trex/circe": "latest",
        "@trex/hana": "latest",
        "@trex/pgwire": "latest",
        "@trex/tpm": "latest"
      },
      "bin": {
        "tbuild": "bin/tbuild",
        "trex": "bin/trex"
      }
    },
    "node_modules/@trex/hana": {
      "version": "0.5.0-1766832845-5c89181d9fe743fdd86af85528fe311e27e272a0",
      "resolved": "https://pkgs.dev.azure.com/data2evidence/d2e/_packaging/d2e/npm/registry/@trex/hana/-/hana-0.5.0-1766832845-5c89181d9fe743fdd86af85528fe311e27e272a0.tgz",
      "integrity": "sha1-0WlCau0/snkg4zyFT0GHbSb+6kM=",
      "dev": true,
      "license": "Apache-2.0"
    },
    "node_modules/@trex/pgwire": {
      "version": "0.5.0-1766832842-5c89181d9fe743fdd86af85528fe311e27e272a0",
      "resolved": "https://pkgs.dev.azure.com/data2evidence/d2e/_packaging/d2e/npm/registry/@trex/pgwire/-/pgwire-0.5.0-1766832842-5c89181d9fe743fdd86af85528fe311e27e272a0.tgz",
      "integrity": "sha1-+vVjp+Gyr0JDLFxHJ/XxE9WBBOQ=",
      "dev": true,
      "license": "Apache-2.0"
    },
    "node_modules/@trex/tpm": {
      "version": "0.5.0-1766832846-5c89181d9fe743fdd86af85528fe311e27e272a0",
      "resolved": "https://pkgs.dev.azure.com/data2evidence/d2e/_packaging/d2e/npm/registry/@trex/tpm/-/tpm-0.5.0-1766832846-5c89181d9fe743fdd86af85528fe311e27e272a0.tgz",
      "integrity": "sha1-XeNX+7lsUP0P3ga80AMX1RsU3lU=",
      "dev": true,
      "license": "Apache-2.0"
    }
  }
}
