{
  "name": "@data2evidence/d2e-functions",
  "version": "0.0.99",
  "lockfileVersion": 3,
  "requires": true,
  "packages": {
    "": {
      "name": "@data2evidence/d2e-functions",
      "version": "0.0.99",
      "license": "Apache-2.0",
      "devDependencies": {
        "@trex/cli": "latest"
      }
    },
    "node_modules/@trex/as": {
      "version": "0.5.0-1766821960-7105ea6ef3ff348ce511ef08bd341532525cf511",
      "resolved": "https://pkgs.dev.azure.com/data2evidence/d2e/_packaging/d2e/npm/registry/@trex/as/-/as-0.5.0-1766821960-7105ea6ef3ff348ce511ef08bd341532525cf511.tgz",
      "integrity": "sha1-N3de4zpkavsVFOx6zi46Nx3gOXQ=",
      "dev": true,
      "license": "Apache-2.0"
    },
    "node_modules/@trex/circe": {
      "version": "0.0.1-1766880734-13709debcb8401a0eb4b8191d4facc7762d351da",
      "resolved": "https://pkgs.dev.azure.com/data2evidence/d2e/_packaging/d2e/npm/registry/@trex/circe/-/circe-0.0.1-1766880734-13709debcb8401a0eb4b8191d4facc7762d351da.tgz",
      "integrity": "sha1-X2+q8GPEU517wr8BdlLwN1bnXBI=",
      "dev": true,
      "license": "Apache-2.0"
    },
    "node_modules/@trex/cli": {
      "version": "0.5.0-1766880734-13709debcb8401a0eb4b8191d4facc7762d351da",
      "resolved": "https://pkgs.dev.azure.com/data2evidence/d2e/_packaging/d2e/npm/registry/@trex/cli/-/cli-0.5.0-1766880734-13709debcb8401a0eb4b8191d4facc7762d351da.tgz",
      "integrity": "sha1-O02v2hc4iIqFUu6hCr2cIzBAin8=",
      "dev": true,
      "hasInstallScript": true,
      "license": "MIT",
      "dependencies": {
        "@trex/as": "latest",
        "@trex/circe": "latest",
        "@trex/hana": "latest",
        "@trex/pgwire": "latest",
        "@trex/tpm": "latest"
      },
      "bin": {
        "tbuild": "bin/tbuild",
        "trex": "bin/trex"
      }
    },
    "node_modules/@trex/hana": {
      "version": "0.5.0-1766880735-13709debcb8401a0eb4b8191d4facc7762d351da",
      "resolved": "https://pkgs.dev.azure.com/data2evidence/d2e/_packaging/d2e/npm/registry/@trex/hana/-/hana-0.5.0-1766880735-13709debcb8401a0eb4b8191d4facc7762d351da.tgz",
      "integrity": "sha1-sUGohGTQXW8fb+YUAZC9nXaBt/w=",
      "dev": true,
      "license": "Apache-2.0"
    },
    "node_modules/@trex/pgwire": {
      "version": "0.5.0-1766880735-13709debcb8401a0eb4b8191d4facc7762d351da",
      "resolved": "https://pkgs.dev.azure.com/data2evidence/d2e/_packaging/d2e/npm/registry/@trex/pgwire/-/pgwire-0.5.0-1766880735-13709debcb8401a0eb4b8191d4facc7762d351da.tgz",
      "integrity": "sha1-toV66C6UjvH1phmiCyd/OByfrcA=",
      "dev": true,
      "license": "Apache-2.0"
    },
    "node_modules/@trex/tpm": {
      "version": "0.5.0-1766880737-13709debcb8401a0eb4b8191d4facc7762d351da",
      "resolved": "https://pkgs.dev.azure.com/data2evidence/d2e/_packaging/d2e/npm/registry/@trex/tpm/-/tpm-0.5.0-1766880737-13709debcb8401a0eb4b8191d4facc7762d351da.tgz",
      "integrity": "sha1-KozFZKZd8icWyTp6B05IDh2WBHQ=",
      "dev": true,
      "license": "Apache-2.0"
    }
  }
}
