{
  "name": "@ohdsi/notebook-git",
  "version": "0.0.1",
  "lockfileVersion": 3,
  "requires": true,
  "packages": {
    "": {
      "name": "@ohdsi/notebook-git",
      "version": "0.0.1",
      "devDependencies": {
        "@trex/cli": "^0.5.0-1767317190-01ff2ab426dc94fb986840b50fccacdd66f2c0d3"
      }
    },
    "node_modules/@trex/as": {
      "version": "0.5.0-1776600185-f0244bb1ce6c525711a2c6aa15c5e68b66cc5e8d",
      "resolved": "https://pkgs.dev.azure.com/data2evidence/d2e/_packaging/d2e/npm/registry/@trex/as/-/as-0.5.0-1776600185-f0244bb1ce6c525711a2c6aa15c5e68b66cc5e8d.tgz",
      "integrity": "sha1-4nDDDmWBj8A0mkLgT5TTl5gt2fQ=",
      "dev": true,
      "license": "Apache-2.0"
    },
    "node_modules/@trex/circe": {
      "version": "0.0.1-1771925587-04283f67ac82094536642317228c3fc3a62d80e6",
      "resolved": "https://pkgs.dev.azure.com/data2evidence/d2e/_packaging/d2e/npm/registry/@trex/circe/-/circe-0.0.1-1771925587-04283f67ac82094536642317228c3fc3a62d80e6.tgz",
      "integrity": "sha1-zeIaEMN9muJeJTx/J0zdw0iVrVk=",
      "dev": true,
      "license": "Apache-2.0"
    },
    "node_modules/@trex/cli": {
      "version": "0.5.0-1767317190-01ff2ab426dc94fb986840b50fccacdd66f2c0d3",
      "resolved": "https://pkgs.dev.azure.com/data2evidence/d2e/_packaging/d2e/npm/registry/@trex/cli/-/cli-0.5.0-1767317190-01ff2ab426dc94fb986840b50fccacdd66f2c0d3.tgz",
      "integrity": "sha1-GWHB3y9qCLUOV7G5H96Gd/S/58Y=",
      "dev": true,
      "hasInstallScript": true,
      "license": "MIT",
      "dependencies": {
        "@trex/as": "latest",
        "@trex/circe": "latest",
        "@trex/hana": "latest",
        "@trex/pgwire": "latest",
        "@trex/tpm": "latest"
      },
      "bin": {
        "tbuild": "bin/tbuild",
        "trex": "bin/trex"
      }
    },
    "node_modules/@trex/hana": {
      "version": "0.5.0-1771925582-04283f67ac82094536642317228c3fc3a62d80e6",
      "resolved": "https://pkgs.dev.azure.com/data2evidence/d2e/_packaging/d2e/npm/registry/@trex/hana/-/hana-0.5.0-1771925582-04283f67ac82094536642317228c3fc3a62d80e6.tgz",
      "integrity": "sha1-YO2OzV1i3Mp7AFeXTkBF8aDwZrQ=",
      "dev": true,
      "license": "Apache-2.0"
    },
    "node_modules/@trex/pgwire": {
      "version": "0.5.0-1771925582-04283f67ac82094536642317228c3fc3a62d80e6",
      "resolved": "https://pkgs.dev.azure.com/data2evidence/d2e/_packaging/d2e/npm/registry/@trex/pgwire/-/pgwire-0.5.0-1771925582-04283f67ac82094536642317228c3fc3a62d80e6.tgz",
      "integrity": "sha1-qX3ZgwiKs9iHMiZb5tifL/KN62c=",
      "dev": true,
      "license": "Apache-2.0"
    },
    "node_modules/@trex/tpm": {
      "version": "0.5.0-1771925583-04283f67ac82094536642317228c3fc3a62d80e6",
      "resolved": "https://pkgs.dev.azure.com/data2evidence/d2e/_packaging/d2e/npm/registry/@trex/tpm/-/tpm-0.5.0-1771925583-04283f67ac82094536642317228c3fc3a62d80e6.tgz",
      "integrity": "sha1-4gJMLAKPmg7fZNyNTsQZl9QKbHw=",
      "dev": true,
      "license": "Apache-2.0"
    }
  }
}
